
Microsoft Visual Studio Solution File, Format Version 12.00
# Visual Studio Version 16
VisualStudioVersion = 16.0.30011.22
MinimumVisualStudioVersion = 10.0.40219.1
Project("{FAE04EC0-301F-11D3-BF4B-00C04F79EFBC}") = "hotelService", "hotelService.csproj", "{09EFC8AD-B3A8-478D-AF61-E6AAA14605F7}"
EndProject
Global
	GlobalSection(SolutionConfigurationPlatforms) = preSolution
		Debug|Any CPU = Debug|Any CPU
		Release|Any CPU = Release|Any CPU
	EndGlobalSection
	GlobalSection(ProjectConfigurationPlatforms) = postSolution
		{09EFC8AD-B3A8-478D-AF61-E6AAA14605F7}.Debug|Any CPU.ActiveCfg = Debug|Any CPU
		{09EFC8AD-B3A8-478D-AF61-E6AAA14605F7}.Debug|Any CPU.Build.0 = Debug|Any CPU
		{09EFC8AD-B3A8-478D-AF61-E6AAA14605F7}.Release|Any CPU.ActiveCfg = Release|Any CPU
		{09EFC8AD-B3A8-478D-AF61-E6AAA14605F7}.Release|Any CPU.Build.0 = Release|Any CPU
	EndGlobalSection
	GlobalSection(SolutionProperties) = preSolution
		HideSolutionNode = FALSE
	EndGlobalSection
	GlobalSection(ExtensibilityGlobals) = postSolution
		SolutionGuid = {B5E18888-DC62-4E15-BC5B-3C67B0F23017}
	EndGlobalSection
EndGlobal
